
Microsoft Visual Studio Solution File, Format Version 10.00
# Visual C++ Express 2008
Project("{8BC9CEB8-8B4A-11D0-8D11-00A0C91BC942}") = "aadp4olly", "aadp4olly\aadp4olly.vcproj", "{22F3AF68-06F4-4FCA-8E4B-D83B3A7222AE}"
EndProject
Global
	GlobalSection(SolutionConfigurationPlatforms) = preSolution
		Debug|Win32 = Debug|Win32
		Release|Win32 = Release|Win32
	EndGlobalSection
	GlobalSection(ProjectConfigurationPlatforms) = postSolution
		{22F3AF68-06F4-4FCA-8E4B-D83B3A7222AE}.Debug|Win32.ActiveCfg = Release|Win32
		{22F3AF68-06F4-4FCA-8E4B-D83B3A7222AE}.Debug|Win32.Build.0 = Release|Win32
		{22F3AF68-06F4-4FCA-8E4B-D83B3A7222AE}.Release|Win32.ActiveCfg = Release|Win32
		{22F3AF68-06F4-4FCA-8E4B-D83B3A7222AE}.Release|Win32.Build.0 = Release|Win32
	EndGlobalSection
	GlobalSection(SolutionProperties) = preSolution
		HideSolutionNode = FALSE
	EndGlobalSection
EndGlobal
